
Microsoft Visual Studio Solution File, Format Version 12.00
# Visual Studio Version 17
VisualStudioVersion = 17.7.34031.279
MinimumVisualStudioVersion = 10.0.40219.1
Project("{8BC9CEB8-8B4A-11D0-8D11-00A0C91BC942}") = "A_M_EX", "A_M_EX\A_M_EX.vcxproj", "{6C5F9142-C328-4122-B768-43E8AC5F5D87}"
EndProject
Global
	GlobalSection(SolutionConfigurationPlatforms) = preSolution
		Debug|x64 = Debug|x64
		Debug|x86 = Debug|x86
		Release|x64 = Release|x64
		Release|x86 = Release|x86
	EndGlobalSection
	GlobalSection(ProjectConfigurationPlatforms) = postSolution
		{6C5F9142-C328-4122-B768-43E8AC5F5D87}.Debug|x64.ActiveCfg = Debug|x64
		{6C5F9142-C328-4122-B768-43E8AC5F5D87}.Debug|x64.Build.0 = Debug|x64
		{6C5F9142-C328-4122-B768-43E8AC5F5D87}.Debug|x86.ActiveCfg = Debug|Win32
		{6C5F9142-C328-4122-B768-43E8AC5F5D87}.Debug|x86.Build.0 = Debug|Win32
		{6C5F9142-C328-4122-B768-43E8AC5F5D87}.Release|x64.ActiveCfg = Release|x64
		{6C5F9142-C328-4122-B768-43E8AC5F5D87}.Release|x64.Build.0 = Release|x64
		{6C5F9142-C328-4122-B768-43E8AC5F5D87}.Release|x86.ActiveCfg = Release|Win32
		{6C5F9142-C328-4122-B768-43E8AC5F5D87}.Release|x86.Build.0 = Release|Win32
	EndGlobalSection
	GlobalSection(SolutionProperties) = preSolution
		HideSolutionNode = FALSE
	EndGlobalSection
	GlobalSection(ExtensibilityGlobals) = postSolution
		SolutionGuid = {834749A6-A19A-4393-8ED5-6EDEFD353E13}
	EndGlobalSection
EndGlobal
